{
  "name": "@isonnymichael/bedrock",
  "version": "0.1.7",
  "lockfileVersion": 3,
  "requires": true,
  "packages": {
    "": {
      "name": "@isonnymichael/bedrock",
      "version": "0.1.7",
      "license": "GPL-3.0-only",
      "bin": {
        "bedrock": "bin/bedrock.cjs"
      },
      "engines": {
        "node": ">=18.0.0"
      }
    }
  }
}
